
Microsoft Visual Studio Solution File, Format Version 12.00
# Visual Studio Version 16
VisualStudioVersion = 16.0.31112.23
MinimumVisualStudioVersion = 10.0.40219.1
Project("{FAE04EC0-301F-11D3-BF4B-00C04F79EFBC}") = "NUnitSelenium", "NUnitSelenium.csproj", "{7CA39E5A-6A42-486A-BEAE-5CA4E4C678D0}"
EndProject
Global
	GlobalSection(SolutionConfigurationPlatforms) = preSolution
		Debug|Any CPU = Debug|Any CPU
		Release|Any CPU = Release|Any CPU
	EndGlobalSection
	GlobalSection(ProjectConfigurationPlatforms) = postSolution
		{7CA39E5A-6A42-486A-BEAE-5CA4E4C678D0}.Debug|Any CPU.ActiveCfg = Debug|Any CPU
		{7CA39E5A-6A42-486A-BEAE-5CA4E4C678D0}.Debug|Any CPU.Build.0 = Debug|Any CPU
		{7CA39E5A-6A42-486A-BEAE-5CA4E4C678D0}.Release|Any CPU.ActiveCfg = Release|Any CPU
		{7CA39E5A-6A42-486A-BEAE-5CA4E4C678D0}.Release|Any CPU.Build.0 = Release|Any CPU
	EndGlobalSection
	GlobalSection(SolutionProperties) = preSolution
		HideSolutionNode = FALSE
	EndGlobalSection
	GlobalSection(ExtensibilityGlobals) = postSolution
		SolutionGuid = {11C0458E-0C65-40E6-B339-917619F04907}
	EndGlobalSection
EndGlobal
